
Microsoft Visual Studio Solution File, Format Version 12.00
# Visual Studio Version 16
VisualStudioVersion = 16.0.30204.135
MinimumVisualStudioVersion = 10.0.40219.1
Project("{FAE04EC0-301F-11D3-BF4B-00C04F79EFBC}") = "SuperherosProj", "SuperherosProj\SuperherosProj.csproj", "{DF7652FE-E1E5-4FE4-A993-52096CFF7290}"
EndProject
Global
	GlobalSection(SolutionConfigurationPlatforms) = preSolution
		Debug|Any CPU = Debug|Any CPU
		Release|Any CPU = Release|Any CPU
	EndGlobalSection
	GlobalSection(ProjectConfigurationPlatforms) = postSolution
		{DF7652FE-E1E5-4FE4-A993-52096CFF7290}.Debug|Any CPU.ActiveCfg = Debug|Any CPU
		{DF7652FE-E1E5-4FE4-A993-52096CFF7290}.Debug|Any CPU.Build.0 = Debug|Any CPU
		{DF7652FE-E1E5-4FE4-A993-52096CFF7290}.Release|Any CPU.ActiveCfg = Release|Any CPU
		{DF7652FE-E1E5-4FE4-A993-52096CFF7290}.Release|Any CPU.Build.0 = Release|Any CPU
	EndGlobalSection
	GlobalSection(SolutionProperties) = preSolution
		HideSolutionNode = FALSE
	EndGlobalSection
	GlobalSection(ExtensibilityGlobals) = postSolution
		SolutionGuid = {A45847B4-00C2-466D-9B50-19665C71164B}
	EndGlobalSection
EndGlobal
